
Microsoft Visual Studio Solution File, Format Version 12.00
# Visual Studio Version 16
VisualStudioVersion = 16.0.28803.452
MinimumVisualStudioVersion = 10.0.40219.1
Project("{FAE04EC0-301F-11D3-BF4B-00C04F79EFBC}") = "InnguzApp", "InnguzApp\InnguzApp.csproj", "{33B45F9E-3382-4A5F-82E2-5713E392DAF2}"
EndProject
Global
	GlobalSection(SolutionConfigurationPlatforms) = preSolution
		Debug|Any CPU = Debug|Any CPU
		Release|Any CPU = Release|Any CPU
	EndGlobalSection
	GlobalSection(ProjectConfigurationPlatforms) = postSolution
		{33B45F9E-3382-4A5F-82E2-5713E392DAF2}.Debug|Any CPU.ActiveCfg = Debug|Any CPU
		{33B45F9E-3382-4A5F-82E2-5713E392DAF2}.Debug|Any CPU.Build.0 = Debug|Any CPU
		{33B45F9E-3382-4A5F-82E2-5713E392DAF2}.Release|Any CPU.ActiveCfg = Release|Any CPU
		{33B45F9E-3382-4A5F-82E2-5713E392DAF2}.Release|Any CPU.Build.0 = Release|Any CPU
	EndGlobalSection
	GlobalSection(SolutionProperties) = preSolution
		HideSolutionNode = FALSE
	EndGlobalSection
	GlobalSection(ExtensibilityGlobals) = postSolution
		SolutionGuid = {894B1355-81FD-43CE-AFC2-450E06481FE9}
	EndGlobalSection
EndGlobal
